# This file is autogenerated, do not edit; changes may be undone by the next 'dep ensure'.


[[projects]]
  name = "camlistore.org"
  packages = ["third_party/code.google.com/p/goauth2/oauth"]
  revision = "7b78c50007780643798adf3fee4c84f3a10154c9"
  version = "0.9"

[[projects]]
  name = "github.com/HouzuoGuo/tiedot"
  packages = ["data","db","dberr","gommap","tdlog"]
  revision = "96fa90b5e4620f677d2737bc5358329040942adb"
  version = "3.4"

[[projects]]
  name = "github.com/Sirupsen/logrus"
  packages = ["."]
  revision = "a3f95b5c423586578a4e099b11a46c2479628cac"
  version = "1.0.2"

[[projects]]
  name = "github.com/bshuster-repo/logrus-logstash-hook"
  packages = ["."]
  revision = "d2c0ecc1836d91814e15e23bb5dc309c3ef51f4a"
  version = "0.4"

[[projects]]
  name = "github.com/disintegration/imaging"
  packages = ["."]
  revision = "a5858022df0e1734a59f973fffe3f87b51c087ed"
  version = "v1.2.1"

[[projects]]
  name = "github.com/jung-kurt/gofpdf"
  packages = ["."]
  revision = "14c1db30737a138f8d9797cffea58783892b2fae"
  version = "v1.0.0"

[[projects]]
  name = "github.com/pkg/errors"
  packages = ["."]
  revision = "645ef00459ed84a119197bfb8d8205042c6df63d"
  version = "v0.8.0"

[[projects]]
  branch = "queryparams"
  name = "github.com/tgulacsi/picago"
  packages = ["."]
  revision = "6382de61627826743a1ed3aca992f28f8697d05b"

[[projects]]
  branch = "master"
  name = "github.com/xiam/exif"
  packages = ["."]
  revision = "33e82e3db72f03c4d55d10b7275d267fc7cd0e45"

[[projects]]
  branch = "master"
  name = "golang.org/x/image"
  packages = ["bmp","tiff","tiff/lzw"]
  revision = "426cfd8eeb6e08ab1932954e09e3c2cb2bc6e36d"

[[projects]]
  branch = "master"
  name = "golang.org/x/sys"
  packages = ["unix"]
  revision = "c84c1ab9fd18cdd4c23dd021c10f5f46dea95e46"

[[projects]]
  branch = "v2"
  name = "gopkg.in/masci/flickr.v2"
  packages = [".","error","photosets"]
  revision = "3cc496dc15cd2a9460265656665423635e0a4a0b"

[solve-meta]
  analyzer-name = "dep"
  analyzer-version = 1
  inputs-digest = "16249b25c580092d4312456f4f4aa51b8a5bc242021966cb4ae5b4c588f1ecea"
  solver-name = "gps-cdcl"
  solver-version = 1
